
Microsoft Visual Studio Solution File, Format Version 12.00
# Visual Studio 14
VisualStudioVersion = 14.0.25420.1
MinimumVisualStudioVersion = 10.0.40219.1
Project("{FAE04EC0-301F-11D3-BF4B-00C04F79EFBC}") = "Practice9-14", "Practice9-14\Practice9-14.csproj", "{6CAE67C0-C307-4573-9C59-8B3FCB2AACE3}"
EndProject
Global
	GlobalSection(SolutionConfigurationPlatforms) = preSolution
		Debug|Any CPU = Debug|Any CPU
		Release|Any CPU = Release|Any CPU
	EndGlobalSection
	GlobalSection(ProjectConfigurationPlatforms) = postSolution
		{6CAE67C0-C307-4573-9C59-8B3FCB2AACE3}.Debug|Any CPU.ActiveCfg = Debug|Any CPU
		{6CAE67C0-C307-4573-9C59-8B3FCB2AACE3}.Debug|Any CPU.Build.0 = Debug|Any CPU
		{6CAE67C0-C307-4573-9C59-8B3FCB2AACE3}.Release|Any CPU.ActiveCfg = Release|Any CPU
		{6CAE67C0-C307-4573-9C59-8B3FCB2AACE3}.Release|Any CPU.Build.0 = Release|Any CPU
	EndGlobalSection
	GlobalSection(SolutionProperties) = preSolution
		HideSolutionNode = FALSE
	EndGlobalSection
EndGlobal
